
Microsoft Visual Studio Solution File, Format Version 12.00
# Visual Studio Version 16
VisualStudioVersion = 16.0.29403.142
MinimumVisualStudioVersion = 10.0.40219.1
Project("{9A19103F-16F7-4668-BE54-9A1E7A4F7556}") = "Ctrl", "ExtractorUI\Ctrl.csproj", "{2A690BDE-8BE8-4346-B574-5F996061D3A3}"
EndProject
Project("{9A19103F-16F7-4668-BE54-9A1E7A4F7556}") = "ViewModels", "ExtratorViewModels\ViewModels.csproj", "{F3FDBC43-4F4F-4D7D-BE40-CE64F12E183E}"
EndProject
Project("{FAE04EC0-301F-11D3-BF4B-00C04F79EFBC}") = "MvvmFramework", "..\..\MVVM-From-A-To-Z-Sources\Sources\05-Models-Validation\MvvmApp\MvvmFramework\MvvmFramework.csproj", "{AA13AC6F-4D96-45D5-AADC-9BB827F0C406}"
EndProject
Project("{9A19103F-16F7-4668-BE54-9A1E7A4F7556}") = "Data", "..\..\CustomParse\Data\Data.csproj", "{EA527A0E-9E99-40A7-80A7-A108D9EE4C13}"
EndProject
Global
	GlobalSection(SolutionConfigurationPlatforms) = preSolution
		Debug|Any CPU = Debug|Any CPU
		Release|Any CPU = Release|Any CPU
	EndGlobalSection
	GlobalSection(ProjectConfigurationPlatforms) = postSolution
		{2A690BDE-8BE8-4346-B574-5F996061D3A3}.Debug|Any CPU.ActiveCfg = Debug|Any CPU
		{2A690BDE-8BE8-4346-B574-5F996061D3A3}.Debug|Any CPU.Build.0 = Debug|Any CPU
		{2A690BDE-8BE8-4346-B574-5F996061D3A3}.Release|Any CPU.ActiveCfg = Release|Any CPU
		{2A690BDE-8BE8-4346-B574-5F996061D3A3}.Release|Any CPU.Build.0 = Release|Any CPU
		{F3FDBC43-4F4F-4D7D-BE40-CE64F12E183E}.Debug|Any CPU.ActiveCfg = Debug|Any CPU
		{F3FDBC43-4F4F-4D7D-BE40-CE64F12E183E}.Debug|Any CPU.Build.0 = Debug|Any CPU
		{F3FDBC43-4F4F-4D7D-BE40-CE64F12E183E}.Release|Any CPU.ActiveCfg = Release|Any CPU
		{F3FDBC43-4F4F-4D7D-BE40-CE64F12E183E}.Release|Any CPU.Build.0 = Release|Any CPU
		{AA13AC6F-4D96-45D5-AADC-9BB827F0C406}.Debug|Any CPU.ActiveCfg = Debug|Any CPU
		{AA13AC6F-4D96-45D5-AADC-9BB827F0C406}.Debug|Any CPU.Build.0 = Debug|Any CPU
		{AA13AC6F-4D96-45D5-AADC-9BB827F0C406}.Release|Any CPU.ActiveCfg = Release|Any CPU
		{AA13AC6F-4D96-45D5-AADC-9BB827F0C406}.Release|Any CPU.Build.0 = Release|Any CPU
		{EA527A0E-9E99-40A7-80A7-A108D9EE4C13}.Debug|Any CPU.ActiveCfg = Debug|Any CPU
		{EA527A0E-9E99-40A7-80A7-A108D9EE4C13}.Debug|Any CPU.Build.0 = Debug|Any CPU
		{EA527A0E-9E99-40A7-80A7-A108D9EE4C13}.Release|Any CPU.ActiveCfg = Release|Any CPU
		{EA527A0E-9E99-40A7-80A7-A108D9EE4C13}.Release|Any CPU.Build.0 = Release|Any CPU
	EndGlobalSection
	GlobalSection(SolutionProperties) = preSolution
		HideSolutionNode = FALSE
	EndGlobalSection
	GlobalSection(ExtensibilityGlobals) = postSolution
		SolutionGuid = {F859AD99-C5FC-4B2C-B812-C1F3273E193F}
	EndGlobalSection
EndGlobal
